
Microsoft Visual Studio Solution File, Format Version 12.00
# Visual Studio 2012
Project("{FAE04EC0-301F-11D3-BF4B-00C04F79EFBC}") = "TranslinkAPI.CSharp", "TranslinkAPI.CSharp.csproj", "{C5EC6CFD-4938-450A-A280-6359A2942C08}"
EndProject
Project("{FAE04EC0-301F-11D3-BF4B-00C04F79EFBC}") = "TranslinkAPIUnitTest", "..\TranslinkAPIUnitTest\TranslinkAPIUnitTest.csproj", "{D77D730A-C93F-49C5-9990-DFF3A912FDF7}"
EndProject
Global
	GlobalSection(SolutionConfigurationPlatforms) = preSolution
		Debug|Any CPU = Debug|Any CPU
		Release|Any CPU = Release|Any CPU
	EndGlobalSection
	GlobalSection(ProjectConfigurationPlatforms) = postSolution
		{C5EC6CFD-4938-450A-A280-6359A2942C08}.Debug|Any CPU.ActiveCfg = Debug|Any CPU
		{C5EC6CFD-4938-450A-A280-6359A2942C08}.Debug|Any CPU.Build.0 = Debug|Any CPU
		{C5EC6CFD-4938-450A-A280-6359A2942C08}.Release|Any CPU.ActiveCfg = Release|Any CPU
		{C5EC6CFD-4938-450A-A280-6359A2942C08}.Release|Any CPU.Build.0 = Release|Any CPU
		{D77D730A-C93F-49C5-9990-DFF3A912FDF7}.Debug|Any CPU.ActiveCfg = Debug|Any CPU
		{D77D730A-C93F-49C5-9990-DFF3A912FDF7}.Debug|Any CPU.Build.0 = Debug|Any CPU
		{D77D730A-C93F-49C5-9990-DFF3A912FDF7}.Release|Any CPU.ActiveCfg = Release|Any CPU
		{D77D730A-C93F-49C5-9990-DFF3A912FDF7}.Release|Any CPU.Build.0 = Release|Any CPU
	EndGlobalSection
	GlobalSection(SolutionProperties) = preSolution
		HideSolutionNode = FALSE
	EndGlobalSection
EndGlobal
